// !$*UTF8*$!
{
	archiveVersion = 1;
	classes = {
	};
	objectVersion = 56;
	objects = {

/* Begin PBXBuildFile section */
		A607AECD29F022F1001D82F7 /* AppDelegate.swift in Sources */ = {isa = PBXBuildFile; fileRef = A607AECC29F022F1001D82F7 /* AppDelegate.swift */; };
		A607AECF29F022F1001D82F7 /* SceneDelegate.swift in Sources */ = {isa = PBXBuildFile; fileRef = A607AECE29F022F1001D82F7 /* SceneDelegate.swift */; };
		A607AED129F022F1001D82F7 /* RMTabBarController.swift in Sources */ = {isa = PBXBuildFile; fileRef = A607AED029F022F1001D82F7 /* RMTabBarController.swift */; };
		A607AED629F022F3001D82F7 /* Assets.xcassets in Resources */ = {isa = PBXBuildFile; fileRef = A607AED529F022F3001D82F7 /* Assets.xcassets */; };
		A607AED929F022F3001D82F7 /* LaunchScreen.storyboard in Resources */ = {isa = PBXBuildFile; fileRef = A607AED729F022F3001D82F7 /* LaunchScreen.storyboard */; };
		A607AEE829F02C0E001D82F7 /* RMLocation.swift in Sources */ = {isa = PBXBuildFile; fileRef = A607AEE729F02C0E001D82F7 /* RMLocation.swift */; };
		A607AEEA29F02C26001D82F7 /* RMCharacter.swift in Sources */ = {isa = PBXBuildFile; fileRef = A607AEE929F02C26001D82F7 /* RMCharacter.swift */; };
		A607AEEC29F02C3B001D82F7 /* RMEpisode.swift in Sources */ = {isa = PBXBuildFile; fileRef = A607AEEB29F02C3B001D82F7 /* RMEpisode.swift */; };
		A607AEEF29F02CED001D82F7 /* RMCharacterViewController.swift in Sources */ = {isa = PBXBuildFile; fileRef = A607AEEE29F02CED001D82F7 /* RMCharacterViewController.swift */; };
		A607AEF129F02D19001D82F7 /* RMLocationViewController.swift in Sources */ = {isa = PBXBuildFile; fileRef = A607AEF029F02D19001D82F7 /* RMLocationViewController.swift */; };
		A607AEF329F02D3C001D82F7 /* RMEpisodeViewController.swift in Sources */ = {isa = PBXBuildFile; fileRef = A607AEF229F02D3C001D82F7 /* RMEpisodeViewController.swift */; };
		A607AEF529F2CEB8001D82F7 /* RMSettingsViewController.swift in Sources */ = {isa = PBXBuildFile; fileRef = A607AEF429F2CEB8001D82F7 /* RMSettingsViewController.swift */; };
		A68153C229F2F70F0037B03D /* RMService.swift in Sources */ = {isa = PBXBuildFile; fileRef = A68153C129F2F70F0037B03D /* RMService.swift */; };
		A68153C429F2F74D0037B03D /* RMRequest.swift in Sources */ = {isa = PBXBuildFile; fileRef = A68153C329F2F74D0037B03D /* RMRequest.swift */; };
		A68153C629F2F8330037B03D /* RMEndpoint.swift in Sources */ = {isa = PBXBuildFile; fileRef = A68153C529F2F8330037B03D /* RMEndpoint.swift */; };
		A68153C829F3224F0037B03D /* RMOrigin.swift in Sources */ = {isa = PBXBuildFile; fileRef = A68153C729F3224F0037B03D /* RMOrigin.swift */; };
		A68153CA29F3231E0037B03D /* RMSingleLocatoin.swift in Sources */ = {isa = PBXBuildFile; fileRef = A68153C929F3231E0037B03D /* RMSingleLocatoin.swift */; };
		A68153CC29F324BC0037B03D /* RMCharacterStatus.swift in Sources */ = {isa = PBXBuildFile; fileRef = A68153CB29F324BC0037B03D /* RMCharacterStatus.swift */; };
		A68153CE29F325220037B03D /* RMCharacterGender.swift in Sources */ = {isa = PBXBuildFile; fileRef = A68153CD29F325220037B03D /* RMCharacterGender.swift */; };
/* End PBXBuildFile section */

/* Begin PBXFileReference section */
		A607AEC929F022F1001D82F7 /* RickAndMorty.app */ = {isa = PBXFileReference; explicitFileType = wrapper.application; includeInIndex = 0; path = RickAndMorty.app; sourceTree = BUILT_PRODUCTS_DIR; };
		A607AECC29F022F1001D82F7 /* AppDelegate.swift */ = {isa = PBXFileReference; lastKnownFileType = sourcecode.swift; path = AppDelegate.swift; sourceTree = "<group>"; };
		A607AECE29F022F1001D82F7 /* SceneDelegate.swift */ = {isa = PBXFileReference; lastKnownFileType = sourcecode.swift; path = SceneDelegate.swift; sourceTree = "<group>"; };
		A607AED029F022F1001D82F7 /* RMTabBarController.swift */ = {isa = PBXFileReference; lastKnownFileType = sourcecode.swift; path = RMTabBarController.swift; sourceTree = "<group>"; };
		A607AED529F022F3001D82F7 /* Assets.xcassets */ = {isa = PBXFileReference; lastKnownFileType = folder.assetcatalog; path = Assets.xcassets; sourceTree = "<group>"; };
		A607AED829F022F3001D82F7 /* Base */ = {isa = PBXFileReference; lastKnownFileType = file.storyboard; name = Base; path = Base.lproj/LaunchScreen.storyboard; sourceTree = "<group>"; };
		A607AEDA29F022F3001D82F7 /* Info.plist */ = {isa = PBXFileReference; lastKnownFileType = text.plist.xml; path = Info.plist; sourceTree = "<group>"; };
		A607AEE729F02C0E001D82F7 /* RMLocation.swift */ = {isa = PBXFileReference; lastKnownFileType = sourcecode.swift; path = RMLocation.swift; sourceTree = "<group>"; };
		A607AEE929F02C26001D82F7 /* RMCharacter.swift */ = {isa = PBXFileReference; lastKnownFileType = sourcecode.swift; path = RMCharacter.swift; sourceTree = "<group>"; };
		A607AEEB29F02C3B001D82F7 /* RMEpisode.swift */ = {isa = PBXFileReference; lastKnownFileType = sourcecode.swift; path = RMEpisode.swift; sourceTree = "<group>"; };
		A607AEEE29F02CED001D82F7 /* RMCharacterViewController.swift */ = {isa = PBXFileReference; lastKnownFileType = sourcecode.swift; path = RMCharacterViewController.swift; sourceTree = "<group>"; };
		A607AEF029F02D19001D82F7 /* RMLocationViewController.swift */ = {isa = PBXFileReference; lastKnownFileType = sourcecode.swift; path = RMLocationViewController.swift; sourceTree = "<group>"; };
		A607AEF229F02D3C001D82F7 /* RMEpisodeViewController.swift */ = {isa = PBXFileReference; lastKnownFileType = sourcecode.swift; path = RMEpisodeViewController.swift; sourceTree = "<group>"; };
		A607AEF429F2CEB8001D82F7 /* RMSettingsViewController.swift */ = {isa = PBXFileReference; lastKnownFileType = sourcecode.swift; path = RMSettingsViewController.swift; sourceTree = "<group>"; };
		A68153C129F2F70F0037B03D /* RMService.swift */ = {isa = PBXFileReference; lastKnownFileType = sourcecode.swift; path = RMService.swift; sourceTree = "<group>"; };
		A68153C329F2F74D0037B03D /* RMRequest.swift */ = {isa = PBXFileReference; lastKnownFileType = sourcecode.swift; path = RMRequest.swift; sourceTree = "<group>"; };
		A68153C529F2F8330037B03D /* RMEndpoint.swift */ = {isa = PBXFileReference; lastKnownFileType = sourcecode.swift; path = RMEndpoint.swift; sourceTree = "<group>"; };
		A68153C729F3224F0037B03D /* RMOrigin.swift */ = {isa = PBXFileReference; lastKnownFileType = sourcecode.swift; path = RMOrigin.swift; sourceTree = "<group>"; };
		A68153C929F3231E0037B03D /* RMSingleLocatoin.swift */ = {isa = PBXFileReference; lastKnownFileType = sourcecode.swift; path = RMSingleLocatoin.swift; sourceTree = "<group>"; };
		A68153CB29F324BC0037B03D /* RMCharacterStatus.swift */ = {isa = PBXFileReference; lastKnownFileType = sourcecode.swift; path = RMCharacterStatus.swift; sourceTree = "<group>"; };
		A68153CD29F325220037B03D /* RMCharacterGender.swift */ = {isa = PBXFileReference; lastKnownFileType = sourcecode.swift; path = RMCharacterGender.swift; sourceTree = "<group>"; };
/* End PBXFileReference section */

/* Begin PBXFrameworksBuildPhase section */
		A607AEC629F022F1001D82F7 /* Frameworks */ = {
			isa = PBXFrameworksBuildPhase;
			buildActionMask = 2147483647;
			files = (
			);
			runOnlyForDeploymentPostprocessing = 0;
		};
/* End PBXFrameworksBuildPhase section */

/* Begin PBXGroup section */
		A607AEC029F022F1001D82F7 = {
			isa = PBXGroup;
			children = (
				A607AECB29F022F1001D82F7 /* RickAndMorty */,
				A607AECA29F022F1001D82F7 /* Products */,
			);
			sourceTree = "<group>";
		};
		A607AECA29F022F1001D82F7 /* Products */ = {
			isa = PBXGroup;
			children = (
				A607AEC929F022F1001D82F7 /* RickAndMorty.app */,
			);
			name = Products;
			sourceTree = "<group>";
		};
		A607AECB29F022F1001D82F7 /* RickAndMorty */ = {
			isa = PBXGroup;
			children = (
				A607AEE629F02568001D82F7 /* Resources */,
				A607AEE529F0254D001D82F7 /* Managers */,
				A607AEE429F0252B001D82F7 /* APIClient */,
				A607AEE329F0251A001D82F7 /* ViewModels */,
				A607AEE229F0250F001D82F7 /* Views */,
				A607AEE129F02509001D82F7 /* Models */,
				A607AEE029F024F9001D82F7 /* Controllers */,
				A607AEDA29F022F3001D82F7 /* Info.plist */,
			);
			path = RickAndMorty;
			sourceTree = "<group>";
		};
		A607AEE029F024F9001D82F7 /* Controllers */ = {
			isa = PBXGroup;
			children = (
				A607AEED29F02C9E001D82F7 /* Core */,
			);
			path = Controllers;
			sourceTree = "<group>";
		};
		A607AEE129F02509001D82F7 /* Models */ = {
			isa = PBXGroup;
			children = (
				A607AEE729F02C0E001D82F7 /* RMLocation.swift */,
				A607AEE929F02C26001D82F7 /* RMCharacter.swift */,
				A607AEEB29F02C3B001D82F7 /* RMEpisode.swift */,
				A68153C729F3224F0037B03D /* RMOrigin.swift */,
				A68153C929F3231E0037B03D /* RMSingleLocatoin.swift */,
				A68153CB29F324BC0037B03D /* RMCharacterStatus.swift */,
				A68153CD29F325220037B03D /* RMCharacterGender.swift */,
			);
			path = Models;
			sourceTree = "<group>";
		};
		A607AEE229F0250F001D82F7 /* Views */ = {
			isa = PBXGroup;
			children = (
			);
			path = Views;
			sourceTree = "<group>";
		};
		A607AEE329F0251A001D82F7 /* ViewModels */ = {
			isa = PBXGroup;
			children = (
			);
			path = ViewModels;
			sourceTree = "<group>";
		};
		A607AEE429F0252B001D82F7 /* APIClient */ = {
			isa = PBXGroup;
			children = (
				A68153C129F2F70F0037B03D /* RMService.swift */,
				A68153C329F2F74D0037B03D /* RMRequest.swift */,
				A68153C529F2F8330037B03D /* RMEndpoint.swift */,
			);
			path = APIClient;
			sourceTree = "<group>";
		};
		A607AEE529F0254D001D82F7 /* Managers */ = {
			isa = PBXGroup;
			children = (
			);
			path = Managers;
			sourceTree = "<group>";
		};
		A607AEE629F02568001D82F7 /* Resources */ = {
			isa = PBXGroup;
			children = (
				A607AED529F022F3001D82F7 /* Assets.xcassets */,
				A607AED729F022F3001D82F7 /* LaunchScreen.storyboard */,
				A607AECC29F022F1001D82F7 /* AppDelegate.swift */,
				A607AECE29F022F1001D82F7 /* SceneDelegate.swift */,
			);
			path = Resources;
			sourceTree = "<group>";
		};
		A607AEED29F02C9E001D82F7 /* Core */ = {
			isa = PBXGroup;
			children = (
				A607AED029F022F1001D82F7 /* RMTabBarController.swift */,
				A607AEEE29F02CED001D82F7 /* RMCharacterViewController.swift */,
				A607AEF029F02D19001D82F7 /* RMLocationViewController.swift */,
				A607AEF229F02D3C001D82F7 /* RMEpisodeViewController.swift */,
				A607AEF429F2CEB8001D82F7 /* RMSettingsViewController.swift */,
			);
			path = Core;
			sourceTree = "<group>";
		};
/* End PBXGroup section */

/* Begin PBXNativeTarget section */
		A607AEC829F022F1001D82F7 /* RickAndMorty */ = {
			isa = PBXNativeTarget;
			buildConfigurationList = A607AEDD29F022F3001D82F7 /* Build configuration list for PBXNativeTarget "RickAndMorty" */;
			buildPhases = (
				A607AEC529F022F1001D82F7 /* Sources */,
				A607AEC629F022F1001D82F7 /* Frameworks */,
				A607AEC729F022F1001D82F7 /* Resources */,
			);
			buildRules = (
			);
			dependencies = (
			);
			name = RickAndMorty;
			productName = RickAndMorty;
			productReference = A607AEC929F022F1001D82F7 /* RickAndMorty.app */;
			productType = "com.apple.product-type.application";
		};
/* End PBXNativeTarget section */

/* Begin PBXProject section */
		A607AEC129F022F1001D82F7 /* Project object */ = {
			isa = PBXProject;
			attributes = {
				BuildIndependentTargetsInParallel = 1;
				LastSwiftUpdateCheck = 1430;
				LastUpgradeCheck = 1430;
				TargetAttributes = {
					A607AEC829F022F1001D82F7 = {
						CreatedOnToolsVersion = 14.3;
					};
				};
			};
			buildConfigurationList = A607AEC429F022F1001D82F7 /* Build configuration list for PBXProject "RickAndMorty" */;
			compatibilityVersion = "Xcode 14.0";
			developmentRegion = en;
			hasScannedForEncodings = 0;
			knownRegions = (
				en,
				Base,
			);
			mainGroup = A607AEC029F022F1001D82F7;
			productRefGroup = A607AECA29F022F1001D82F7 /* Products */;
			projectDirPath = "";
			projectRoot = "";
			targets = (
				A607AEC829F022F1001D82F7 /* RickAndMorty */,
			);
		};
/* End PBXProject section */

/* Begin PBXResourcesBuildPhase section */
		A607AEC729F022F1001D82F7 /* Resources */ = {
			isa = PBXResourcesBuildPhase;
			buildActionMask = 2147483647;
			files = (
				A607AED929F022F3001D82F7 /* LaunchScreen.storyboard in Resources */,
				A607AED629F022F3001D82F7 /* Assets.xcassets in Resources */,
			);
			runOnlyForDeploymentPostprocessing = 0;
		};
/* End PBXResourcesBuildPhase section */

/* Begin PBXSourcesBuildPhase section */
		A607AEC529F022F1001D82F7 /* Sources */ = {
			isa = PBXSourcesBuildPhase;
			buildActionMask = 2147483647;
			files = (
				A68153C829F3224F0037B03D /* RMOrigin.swift in Sources */,
				A607AEF129F02D19001D82F7 /* RMLocationViewController.swift in Sources */,
				A68153CC29F324BC0037B03D /* RMCharacterStatus.swift in Sources */,
				A68153CE29F325220037B03D /* RMCharacterGender.swift in Sources */,
				A607AEEC29F02C3B001D82F7 /* RMEpisode.swift in Sources */,
				A607AED129F022F1001D82F7 /* RMTabBarController.swift in Sources */,
				A607AEF329F02D3C001D82F7 /* RMEpisodeViewController.swift in Sources */,
				A607AECD29F022F1001D82F7 /* AppDelegate.swift in Sources */,
				A607AECF29F022F1001D82F7 /* SceneDelegate.swift in Sources */,
				A607AEF529F2CEB8001D82F7 /* RMSettingsViewController.swift in Sources */,
				A68153C229F2F70F0037B03D /* RMService.swift in Sources */,
				A607AEE829F02C0E001D82F7 /* RMLocation.swift in Sources */,
				A68153C629F2F8330037B03D /* RMEndpoint.swift in Sources */,
				A607AEEA29F02C26001D82F7 /* RMCharacter.swift in Sources */,
				A68153CA29F3231E0037B03D /* RMSingleLocatoin.swift in Sources */,
				A68153C429F2F74D0037B03D /* RMRequest.swift in Sources */,
				A607AEEF29F02CED001D82F7 /* RMCharacterViewController.swift in Sources */,
			);
			runOnlyForDeploymentPostprocessing = 0;
		};
/* End PBXSourcesBuildPhase section */

/* Begin PBXVariantGroup section */
		A607AED729F022F3001D82F7 /* LaunchScreen.storyboard */ = {
			isa = PBXVariantGroup;
			children = (
				A607AED829F022F3001D82F7 /* Base */,
			);
			name = LaunchScreen.storyboard;
			sourceTree = "<group>";
		};
/* End PBXVariantGroup section */

/* Begin XCBuildConfiguration section */
		A607AEDB29F022F3001D82F7 /* Debug */ = {
			isa = XCBuildConfiguration;
			buildSettings = {
				ALWAYS_SEARCH_USER_PATHS = NO;
				CLANG_ANALYZER_NONNULL = YES;
				CLANG_ANALYZER_NUMBER_OBJECT_CONVERSION = YES_AGGRESSIVE;
				CLANG_CXX_LANGUAGE_STANDARD = "gnu++20";
				CLANG_ENABLE_MODULES = YES;
				CLANG_ENABLE_OBJC_ARC = YES;
				CLANG_ENABLE_OBJC_WEAK = YES;
				CLANG_WARN_BLOCK_CAPTURE_AUTORELEASING = YES;
				CLANG_WARN_BOOL_CONVERSION = YES;
				CLANG_WARN_COMMA = YES;
				CLANG_WARN_CONSTANT_CONVERSION = YES;
				CLANG_WARN_DEPRECATED_OBJC_IMPLEMENTATIONS = YES;
				CLANG_WARN_DIRECT_OBJC_ISA_USAGE = YES_ERROR;
				CLANG_WARN_DOCUMENTATION_COMMENTS = YES;
				CLANG_WARN_EMPTY_BODY = YES;
				CLANG_WARN_ENUM_CONVERSION = YES;
				CLANG_WARN_INFINITE_RECURSION = YES;
				CLANG_WARN_INT_CONVERSION = YES;
				CLANG_WARN_NON_LITERAL_NULL_CONVERSION = YES;
				CLANG_WARN_OBJC_IMPLICIT_RETAIN_SELF = YES;
				CLANG_WARN_OBJC_LITERAL_CONVERSION = YES;
				CLANG_WARN_OBJC_ROOT_CLASS = YES_ERROR;
				CLANG_WARN_QUOTED_INCLUDE_IN_FRAMEWORK_HEADER = YES;
				CLANG_WARN_RANGE_LOOP_ANALYSIS = YES;
				CLANG_WARN_STRICT_PROTOTYPES = YES;
				CLANG_WARN_SUSPICIOUS_MOVE = YES;
				CLANG_WARN_UNGUARDED_AVAILABILITY = YES_AGGRESSIVE;
				CLANG_WARN_UNREACHABLE_CODE = YES;
				CLANG_WARN__DUPLICATE_METHOD_MATCH = YES;
				COPY_PHASE_STRIP = NO;
				DEBUG_INFORMATION_FORMAT = dwarf;
				ENABLE_STRICT_OBJC_MSGSEND = YES;
				ENABLE_TESTABILITY = YES;
				GCC_C_LANGUAGE_STANDARD = gnu11;
				GCC_DYNAMIC_NO_PIC = NO;
				GCC_NO_COMMON_BLOCKS = YES;
				GCC_OPTIMIZATION_LEVEL = 0;
				GCC_PREPROCESSOR_DEFINITIONS = (
					"DEBUG=1",
					"$(inherited)",
				);
				GCC_WARN_64_TO_32_BIT_CONVERSION = YES;
				GCC_WARN_ABOUT_RETURN_TYPE = YES_ERROR;
				GCC_WARN_UNDECLARED_SELECTOR = YES;
				GCC_WARN_UNINITIALIZED_AUTOS = YES_AGGRESSIVE;
				GCC_WARN_UNUSED_FUNCTION = YES;
				GCC_WARN_UNUSED_VARIABLE = YES;
				IPHONEOS_DEPLOYMENT_TARGET = 16.4;
				MTL_ENABLE_DEBUG_INFO = INCLUDE_SOURCE;
				MTL_FAST_MATH = YES;
				ONLY_ACTIVE_ARCH = YES;
				SDKROOT = iphoneos;
				SWIFT_ACTIVE_COMPILATION_CONDITIONS = DEBUG;
				SWIFT_OPTIMIZATION_LEVEL = "-Onone";
			};
			name = Debug;
		};
		A607AEDC29F022F3001D82F7 /* Release */ = {
			isa = XCBuildConfiguration;
			buildSettings = {
				ALWAYS_SEARCH_USER_PATHS = NO;
				CLANG_ANALYZER_NONNULL = YES;
				CLANG_ANALYZER_NUMBER_OBJECT_CONVERSION = YES_AGGRESSIVE;
				CLANG_CXX_LANGUAGE_STANDARD = "gnu++20";
				CLANG_ENABLE_MODULES = YES;
				CLANG_ENABLE_OBJC_ARC = YES;
				CLANG_ENABLE_OBJC_WEAK = YES;
				CLANG_WARN_BLOCK_CAPTURE_AUTORELEASING = YES;
				CLANG_WARN_BOOL_CONVERSION = YES;
				CLANG_WARN_COMMA = YES;
				CLANG_WARN_CONSTANT_CONVERSION = YES;
				CLANG_WARN_DEPRECATED_OBJC_IMPLEMENTATIONS = YES;
				CLANG_WARN_DIRECT_OBJC_ISA_USAGE = YES_ERROR;
				CLANG_WARN_DOCUMENTATION_COMMENTS = YES;
				CLANG_WARN_EMPTY_BODY = YES;
				CLANG_WARN_ENUM_CONVERSION = YES;
				CLANG_WARN_INFINITE_RECURSION = YES;
				CLANG_WARN_INT_CONVERSION = YES;
				CLANG_WARN_NON_LITERAL_NULL_CONVERSION = YES;
				CLANG_WARN_OBJC_IMPLICIT_RETAIN_SELF = YES;
				CLANG_WARN_OBJC_LITERAL_CONVERSION = YES;
				CLANG_WARN_OBJC_ROOT_CLASS = YES_ERROR;
				CLANG_WARN_QUOTED_INCLUDE_IN_FRAMEWORK_HEADER = YES;
				CLANG_WARN_RANGE_LOOP_ANALYSIS = YES;
				CLANG_WARN_STRICT_PROTOTYPES = YES;
				CLANG_WARN_SUSPICIOUS_MOVE = YES;
				CLANG_WARN_UNGUARDED_AVAILABILITY = YES_AGGRESSIVE;
				CLANG_WARN_UNREACHABLE_CODE = YES;
				CLANG_WARN__DUPLICATE_METHOD_MATCH = YES;
				COPY_PHASE_STRIP = NO;
				DEBUG_INFORMATION_FORMAT = "dwarf-with-dsym";
				ENABLE_NS_ASSERTIONS = NO;
				ENABLE_STRICT_OBJC_MSGSEND = YES;
				GCC_C_LANGUAGE_STANDARD = gnu11;
				GCC_NO_COMMON_BLOCKS = YES;
				GCC_WARN_64_TO_32_BIT_CONVERSION = YES;
				GCC_WARN_ABOUT_RETURN_TYPE = YES_ERROR;
				GCC_WARN_UNDECLARED_SELECTOR = YES;
				GCC_WARN_UNINITIALIZED_AUTOS = YES_AGGRESSIVE;
				GCC_WARN_UNUSED_FUNCTION = YES;
				GCC_WARN_UNUSED_VARIABLE = YES;
				IPHONEOS_DEPLOYMENT_TARGET = 16.4;
				MTL_ENABLE_DEBUG_INFO = NO;
				MTL_FAST_MATH = YES;
				SDKROOT = iphoneos;
				SWIFT_COMPILATION_MODE = wholemodule;
				SWIFT_OPTIMIZATION_LEVEL = "-O";
				VALIDATE_PRODUCT = YES;
			};
			name = Release;
		};
		A607AEDE29F022F3001D82F7 /* Debug */ = {
			isa = XCBuildConfiguration;
			buildSettings = {
				ASSETCATALOG_COMPILER_APPICON_NAME = AppIcon;
				ASSETCATALOG_COMPILER_GLOBAL_ACCENT_COLOR_NAME = AccentColor;
				CODE_SIGN_STYLE = Automatic;
				CURRENT_PROJECT_VERSION = 1;
				DEVELOPMENT_TEAM = KKQM8XH54W;
				GENERATE_INFOPLIST_FILE = YES;
				INFOPLIST_FILE = RickAndMorty/Info.plist;
				INFOPLIST_KEY_UIApplicationSupportsIndirectInputEvents = YES;
				INFOPLIST_KEY_UILaunchStoryboardName = LaunchScreen;
				INFOPLIST_KEY_UISupportedInterfaceOrientations_iPad = "UIInterfaceOrientationPortrait UIInterfaceOrientationPortraitUpsideDown UIInterfaceOrientationLandscapeLeft UIInterfaceOrientationLandscapeRight";
				INFOPLIST_KEY_UISupportedInterfaceOrientations_iPhone = "UIInterfaceOrientationPortrait UIInterfaceOrientationLandscapeLeft UIInterfaceOrientationLandscapeRight";
				IPHONEOS_DEPLOYMENT_TARGET = 15.0;
				LD_RUNPATH_SEARCH_PATHS = (
					"$(inherited)",
					"@executable_path/Frameworks",
				);
				MARKETING_VERSION = 1.0;
				PRODUCT_BUNDLE_IDENTIFIER = com.MD.RickAndMorty;
				PRODUCT_NAME = "$(TARGET_NAME)";
				SWIFT_EMIT_LOC_STRINGS = YES;
				SWIFT_VERSION = 5.0;
				TARGETED_DEVICE_FAMILY = "1,2";
			};
			name = Debug;
		};
		A607AEDF29F022F3001D82F7 /* Release */ = {
			isa = XCBuildConfiguration;
			buildSettings = {
				ASSETCATALOG_COMPILER_APPICON_NAME = AppIcon;
				ASSETCATALOG_COMPILER_GLOBAL_ACCENT_COLOR_NAME = AccentColor;
				CODE_SIGN_STYLE = Automatic;
				CURRENT_PROJECT_VERSION = 1;
				DEVELOPMENT_TEAM = KKQM8XH54W;
				GENERATE_INFOPLIST_FILE = YES;
				INFOPLIST_FILE = RickAndMorty/Info.plist;
				INFOPLIST_KEY_UIApplicationSupportsIndirectInputEvents = YES;
				INFOPLIST_KEY_UILaunchStoryboardName = LaunchScreen;
				INFOPLIST_KEY_UISupportedInterfaceOrientations_iPad = "UIInterfaceOrientationPortrait UIInterfaceOrientationPortraitUpsideDown UIInterfaceOrientationLandscapeLeft UIInterfaceOrientationLandscapeRight";
				INFOPLIST_KEY_UISupportedInterfaceOrientations_iPhone = "UIInterfaceOrientationPortrait UIInterfaceOrientationLandscapeLeft UIInterfaceOrientationLandscapeRight";
				IPHONEOS_DEPLOYMENT_TARGET = 15.0;
				LD_RUNPATH_SEARCH_PATHS = (
					"$(inherited)",
					"@executable_path/Frameworks",
				);
				MARKETING_VERSION = 1.0;
				PRODUCT_BUNDLE_IDENTIFIER = com.MD.RickAndMorty;
				PRODUCT_NAME = "$(TARGET_NAME)";
				SWIFT_EMIT_LOC_STRINGS = YES;
				SWIFT_VERSION = 5.0;
				TARGETED_DEVICE_FAMILY = "1,2";
			};
			name = Release;
		};
/* End XCBuildConfiguration section */

/* Begin XCConfigurationList section */
		A607AEC429F022F1001D82F7 /* Build configuration list for PBXProject "RickAndMorty" */ = {
			isa = XCConfigurationList;
			buildConfigurations = (
				A607AEDB29F022F3001D82F7 /* Debug */,
				A607AEDC29F022F3001D82F7 /* Release */,
			);
			defaultConfigurationIsVisible = 0;
			defaultConfigurationName = Release;
		};
		A607AEDD29F022F3001D82F7 /* Build configuration list for PBXNativeTarget "RickAndMorty" */ = {
			isa = XCConfigurationList;
			buildConfigurations = (
				A607AEDE29F022F3001D82F7 /* Debug */,
				A607AEDF29F022F3001D82F7 /* Release */,
			);
			defaultConfigurationIsVisible = 0;
			defaultConfigurationName = Release;
		};
/* End XCConfigurationList section */
	};
	rootObject = A607AEC129F022F1001D82F7 /* Project object */;
}
